
Microsoft Visual Studio Solution File, Format Version 12.00
# Visual Studio Version 17
VisualStudioVersion = 17.0.31903.59
MinimumVisualStudioVersion = 10.0.40219.1
Project("{FAE04EC0-301F-11D3-BF4B-00C04F79EFBC}") = "API", "API\API.csproj", "{1ECBCBDC-704F-47AF-A896-7AC03D44C45F}"
EndProject
Project("{FAE04EC0-301F-11D3-BF4B-00C04F79EFBC}") = "Application", "Application\Application.csproj", "{B98444EE-0B1C-478F-B590-FF0939B3D39C}"
EndProject
Project("{FAE04EC0-301F-11D3-BF4B-00C04F79EFBC}") = "Domain", "Domain\Domain.csproj", "{AF5483CC-7FE3-4C3A-BFD5-D52FD10760D4}"
EndProject
Project("{FAE04EC0-301F-11D3-BF4B-00C04F79EFBC}") = "Persistence", "Persistence\Persistence.csproj", "{948331D0-E6D3-4D81-9E76-EB348DBF95C8}"
EndProject
Project("{FAE04EC0-301F-11D3-BF4B-00C04F79EFBC}") = "Infrastructure", "Infrastructure\Infrastructure.csproj", "{6AA38820-A8AD-47E4-A360-CE3D58AE8AEF}"
EndProject
Global
	GlobalSection(SolutionConfigurationPlatforms) = preSolution
		Debug|Any CPU = Debug|Any CPU
		Release|Any CPU = Release|Any CPU
	EndGlobalSection
	GlobalSection(SolutionProperties) = preSolution
		HideSolutionNode = FALSE
	EndGlobalSection
	GlobalSection(ProjectConfigurationPlatforms) = postSolution
		{1ECBCBDC-704F-47AF-A896-7AC03D44C45F}.Debug|Any CPU.ActiveCfg = Debug|Any CPU
		{1ECBCBDC-704F-47AF-A896-7AC03D44C45F}.Debug|Any CPU.Build.0 = Debug|Any CPU
		{1ECBCBDC-704F-47AF-A896-7AC03D44C45F}.Release|Any CPU.ActiveCfg = Release|Any CPU
		{1ECBCBDC-704F-47AF-A896-7AC03D44C45F}.Release|Any CPU.Build.0 = Release|Any CPU
		{B98444EE-0B1C-478F-B590-FF0939B3D39C}.Debug|Any CPU.ActiveCfg = Debug|Any CPU
		{B98444EE-0B1C-478F-B590-FF0939B3D39C}.Debug|Any CPU.Build.0 = Debug|Any CPU
		{B98444EE-0B1C-478F-B590-FF0939B3D39C}.Release|Any CPU.ActiveCfg = Release|Any CPU
		{B98444EE-0B1C-478F-B590-FF0939B3D39C}.Release|Any CPU.Build.0 = Release|Any CPU
		{AF5483CC-7FE3-4C3A-BFD5-D52FD10760D4}.Debug|Any CPU.ActiveCfg = Debug|Any CPU
		{AF5483CC-7FE3-4C3A-BFD5-D52FD10760D4}.Debug|Any CPU.Build.0 = Debug|Any CPU
		{AF5483CC-7FE3-4C3A-BFD5-D52FD10760D4}.Release|Any CPU.ActiveCfg = Release|Any CPU
		{AF5483CC-7FE3-4C3A-BFD5-D52FD10760D4}.Release|Any CPU.Build.0 = Release|Any CPU
		{948331D0-E6D3-4D81-9E76-EB348DBF95C8}.Debug|Any CPU.ActiveCfg = Debug|Any CPU
		{948331D0-E6D3-4D81-9E76-EB348DBF95C8}.Debug|Any CPU.Build.0 = Debug|Any CPU
		{948331D0-E6D3-4D81-9E76-EB348DBF95C8}.Release|Any CPU.ActiveCfg = Release|Any CPU
		{948331D0-E6D3-4D81-9E76-EB348DBF95C8}.Release|Any CPU.Build.0 = Release|Any CPU
		{6AA38820-A8AD-47E4-A360-CE3D58AE8AEF}.Debug|Any CPU.ActiveCfg = Debug|Any CPU
		{6AA38820-A8AD-47E4-A360-CE3D58AE8AEF}.Debug|Any CPU.Build.0 = Debug|Any CPU
		{6AA38820-A8AD-47E4-A360-CE3D58AE8AEF}.Release|Any CPU.ActiveCfg = Release|Any CPU
		{6AA38820-A8AD-47E4-A360-CE3D58AE8AEF}.Release|Any CPU.Build.0 = Release|Any CPU
	EndGlobalSection
EndGlobal
